{
  "name": "events-bun",
  "version": "0.0.1",
  "lockfileVersion": 3,
  "requires": true,
  "packages": {
    "": {
      "name": "events-bun",
      "version": "0.0.1",
      "dependencies": {
        "@sumup/sdk": "file:../../sdk"
      }
    },
    "../../sdk": {
      "name": "@sumup/sdk",
      "version": "0.2.0",
      "license": "Apache-2.0",
      "devDependencies": {
        "@biomejs/biome": "^2.1.2",
        "@rslib/core": "^0.23.0",
        "@rstest/browser": "^0.11.11",
        "@rstest/core": "^0.11.11",
        "@types/node": "^24.13.3",
        "playwright": "^1.62.1",
        "rsbuild-plugin-dts": "^0.23.0",
        "rsbuild-plugin-publint": "^1.0.0",
        "ts-node": "^10.9.2",
        "typedoc": "^0.28.3",
        "typescript": "^6.0.2"
      },
      "engines": {
        "node": ">=18"
      }
    },
    "node_modules/@sumup/sdk": {
      "resolved": "../../sdk",
      "link": true
    }
  }
}
