{
  "name": "events-deno",
  "version": "0.0.1",
  "lockfileVersion": 3,
  "requires": true,
  "packages": {
    "": {
      "name": "events-deno",
      "version": "0.0.1",
      "dependencies": {
        "@sumup/sdk": "file:../../sdk"
      }
    },
    "node_modules/@sumup/sdk": {
      "version": "0.2.0",
      "resolved": "file:../../sdk",
      "license": "Apache-2.0",
      "engines": {
        "node": ">=18"
      }
    }
  }
}
